
Microsoft Visual Studio Solution File, Format Version 12.00
# Visual Studio Version 16
VisualStudioVersion = 16.0.31321.278
MinimumVisualStudioVersion = 10.0.40219.1
Project("{FAE04EC0-301F-11D3-BF4B-00C04F79EFBC}") = "TestNhanhCovid", "TestNhanhCovid\TestNhanhCovid.csproj", "{9B4F002C-33D1-454A-B8A1-24C6C53995D9}"
EndProject
Global
	GlobalSection(SolutionConfigurationPlatforms) = preSolution
		Debug|Any CPU = Debug|Any CPU
		Release|Any CPU = Release|Any CPU
	EndGlobalSection
	GlobalSection(ProjectConfigurationPlatforms) = postSolution
		{9B4F002C-33D1-454A-B8A1-24C6C53995D9}.Debug|Any CPU.ActiveCfg = Debug|Any CPU
		{9B4F002C-33D1-454A-B8A1-24C6C53995D9}.Debug|Any CPU.Build.0 = Debug|Any CPU
		{9B4F002C-33D1-454A-B8A1-24C6C53995D9}.Release|Any CPU.ActiveCfg = Release|Any CPU
		{9B4F002C-33D1-454A-B8A1-24C6C53995D9}.Release|Any CPU.Build.0 = Release|Any CPU
	EndGlobalSection
	GlobalSection(SolutionProperties) = preSolution
		HideSolutionNode = FALSE
	EndGlobalSection
	GlobalSection(ExtensibilityGlobals) = postSolution
		SolutionGuid = {48B7542F-FB53-4D25-94DC-726C4453BE20}
	EndGlobalSection
EndGlobal
